// !$*UTF8*$!
{
	archiveVersion = 1;
	classes = {
	};
	objectVersion = 46;
	objects = {

/* Begin PBXBuildFile section */
		632BBCD51A9A41F7000D227E /* NotificationsViewController.swift in Sources */ = {isa = PBXBuildFile; fileRef = 632BBCD41A9A41F7000D227E /* NotificationsViewController.swift */; };
		632BBCD81A9A4B04000D227E /* NotificationTableViewCell.swift in Sources */ = {isa = PBXBuildFile; fileRef = 632BBCD61A9A4B04000D227E /* NotificationTableViewCell.swift */; };
		632BBCD91A9A4B04000D227E /* NotificationTableViewCell.xib in Resources */ = {isa = PBXBuildFile; fileRef = 632BBCD71A9A4B04000D227E /* NotificationTableViewCell.xib */; };
		6376E9891A991947007B9D31 /* AppDelegate.swift in Sources */ = {isa = PBXBuildFile; fileRef = 6376E9881A991947007B9D31 /* AppDelegate.swift */; };
		6376E98B1A991947007B9D31 /* ViewController.swift in Sources */ = {isa = PBXBuildFile; fileRef = 6376E98A1A991947007B9D31 /* ViewController.swift */; };
		6376E98E1A991947007B9D31 /* Main.storyboard in Resources */ = {isa = PBXBuildFile; fileRef = 6376E98C1A991947007B9D31 /* Main.storyboard */; };
		6376E9931A991947007B9D31 /* LaunchScreen.xib in Resources */ = {isa = PBXBuildFile; fileRef = 6376E9911A991947007B9D31 /* LaunchScreen.xib */; };
		6376E99F1A991947007B9D31 /* UrbanFeedTests.swift in Sources */ = {isa = PBXBuildFile; fileRef = 6376E99E1A991947007B9D31 /* UrbanFeedTests.swift */; };
		6376E9AA1A991E78007B9D31 /* FeedsViewController.swift in Sources */ = {isa = PBXBuildFile; fileRef = 6376E9A91A991E78007B9D31 /* FeedsViewController.swift */; };
		6376E9AF1A992A65007B9D31 /* FeedTableViewCell.swift in Sources */ = {isa = PBXBuildFile; fileRef = 6376E9AD1A992A65007B9D31 /* FeedTableViewCell.swift */; };
		6376E9B01A992A65007B9D31 /* FeedTableViewCell.xib in Resources */ = {isa = PBXBuildFile; fileRef = 6376E9AE1A992A65007B9D31 /* FeedTableViewCell.xib */; };
		6376E9B51A993794007B9D31 /* Bolts.framework in Frameworks */ = {isa = PBXBuildFile; fileRef = 6376E9B21A993794007B9D31 /* Bolts.framework */; };
		6376E9B61A993794007B9D31 /* Parse.framework in Frameworks */ = {isa = PBXBuildFile; fileRef = 6376E9B31A993794007B9D31 /* Parse.framework */; };
		6376E9B71A993794007B9D31 /* ParseFacebookUtils.framework in Frameworks */ = {isa = PBXBuildFile; fileRef = 6376E9B41A993794007B9D31 /* ParseFacebookUtils.framework */; };
		6376E9B91A9937B9007B9D31 /* AudioToolbox.framework in Frameworks */ = {isa = PBXBuildFile; fileRef = 6376E9B81A9937B9007B9D31 /* AudioToolbox.framework */; };
		6376E9BB1A9937C0007B9D31 /* CFNetwork.framework in Frameworks */ = {isa = PBXBuildFile; fileRef = 6376E9BA1A9937C0007B9D31 /* CFNetwork.framework */; };
		6376E9BD1A9937C7007B9D31 /* CoreGraphics.framework in Frameworks */ = {isa = PBXBuildFile; fileRef = 6376E9BC1A9937C7007B9D31 /* CoreGraphics.framework */; };
		6376E9BF1A9937CD007B9D31 /* CoreLocation.framework in Frameworks */ = {isa = PBXBuildFile; fileRef = 6376E9BE1A9937CD007B9D31 /* CoreLocation.framework */; };
		6376E9C11A9937D4007B9D31 /* MobileCoreServices.framework in Frameworks */ = {isa = PBXBuildFile; fileRef = 6376E9C01A9937D4007B9D31 /* MobileCoreServices.framework */; };
		6376E9C31A9937DA007B9D31 /* QuartzCore.framework in Frameworks */ = {isa = PBXBuildFile; fileRef = 6376E9C21A9937DA007B9D31 /* QuartzCore.framework */; };
		6376E9C51A9937E0007B9D31 /* Security.framework in Frameworks */ = {isa = PBXBuildFile; fileRef = 6376E9C41A9937E0007B9D31 /* Security.framework */; };
		6376E9C71A9937E7007B9D31 /* StoreKit.framework in Frameworks */ = {isa = PBXBuildFile; fileRef = 6376E9C61A9937E7007B9D31 /* StoreKit.framework */; };
		6376E9C91A9937EF007B9D31 /* SystemConfiguration.framework in Frameworks */ = {isa = PBXBuildFile; fileRef = 6376E9C81A9937EF007B9D31 /* SystemConfiguration.framework */; };
		6376E9CB1A9937FB007B9D31 /* libz.dylib in Frameworks */ = {isa = PBXBuildFile; fileRef = 6376E9CA1A9937FB007B9D31 /* libz.dylib */; };
		6376E9CD1A993807007B9D31 /* libsqlite3.dylib in Frameworks */ = {isa = PBXBuildFile; fileRef = 6376E9CC1A993807007B9D31 /* libsqlite3.dylib */; };
		6376E9D11A998CF8007B9D31 /* APIController.swift in Sources */ = {isa = PBXBuildFile; fileRef = 6376E9D01A998CF8007B9D31 /* APIController.swift */; };
		6376E9E61A998DA0007B9D31 /* AFHTTPRequestOperation.m in Sources */ = {isa = PBXBuildFile; fileRef = 6376E9D41A998DA0007B9D31 /* AFHTTPRequestOperation.m */; };
		6376E9E71A998DA0007B9D31 /* AFHTTPRequestOperationManager.m in Sources */ = {isa = PBXBuildFile; fileRef = 6376E9D61A998DA0007B9D31 /* AFHTTPRequestOperationManager.m */; };
		6376E9E81A998DA0007B9D31 /* AFHTTPSessionManager.m in Sources */ = {isa = PBXBuildFile; fileRef = 6376E9D81A998DA0007B9D31 /* AFHTTPSessionManager.m */; };
		6376E9E91A998DA0007B9D31 /* AFNetworkReachabilityManager.m in Sources */ = {isa = PBXBuildFile; fileRef = 6376E9DB1A998DA0007B9D31 /* AFNetworkReachabilityManager.m */; };
		6376E9EA1A998DA0007B9D31 /* AFSecurityPolicy.m in Sources */ = {isa = PBXBuildFile; fileRef = 6376E9DD1A998DA0007B9D31 /* AFSecurityPolicy.m */; };
		6376E9EB1A998DA0007B9D31 /* AFURLConnectionOperation.m in Sources */ = {isa = PBXBuildFile; fileRef = 6376E9DF1A998DA0007B9D31 /* AFURLConnectionOperation.m */; };
		6376E9EC1A998DA0007B9D31 /* AFURLRequestSerialization.m in Sources */ = {isa = PBXBuildFile; fileRef = 6376E9E11A998DA0007B9D31 /* AFURLRequestSerialization.m */; };
		6376E9ED1A998DA0007B9D31 /* AFURLResponseSerialization.m in Sources */ = {isa = PBXBuildFile; fileRef = 6376E9E31A998DA0007B9D31 /* AFURLResponseSerialization.m */; };
		6376E9EE1A998DA0007B9D31 /* AFURLSessionManager.m in Sources */ = {isa = PBXBuildFile; fileRef = 6376E9E51A998DA0007B9D31 /* AFURLSessionManager.m */; };
		63AAF3D31AA004ED00DDD6FC /* Images.xcassets in Resources */ = {isa = PBXBuildFile; fileRef = 63AAF3D21AA004ED00DDD6FC /* Images.xcassets */; };
		63AAF3D51AA0057100DDD6FC /* UserFeedsViewController.swift in Sources */ = {isa = PBXBuildFile; fileRef = 63AAF3D41AA0057100DDD6FC /* UserFeedsViewController.swift */; };
/* End PBXBuildFile section */

/* Begin PBXContainerItemProxy section */
		6376E9991A991947007B9D31 /* PBXContainerItemProxy */ = {
			isa = PBXContainerItemProxy;
			containerPortal = 6376E97B1A991947007B9D31 /* Project object */;
			proxyType = 1;
			remoteGlobalIDString = 6376E9821A991947007B9D31;
			remoteInfo = UrbanFeed;
		};
/* End PBXContainerItemProxy section */

/* Begin PBXFileReference section */
		632BBCD31A99B5BB000D227E /* BridgeHeader.h */ = {isa = PBXFileReference; lastKnownFileType = sourcecode.c.h; path = BridgeHeader.h; sourceTree = SOURCE_ROOT; };
		632BBCD41A9A41F7000D227E /* NotificationsViewController.swift */ = {isa = PBXFileReference; fileEncoding = 4; lastKnownFileType = sourcecode.swift; path = NotificationsViewController.swift; sourceTree = "<group>"; };
		632BBCD61A9A4B04000D227E /* NotificationTableViewCell.swift */ = {isa = PBXFileReference; fileEncoding = 4; lastKnownFileType = sourcecode.swift; path = NotificationTableViewCell.swift; sourceTree = "<group>"; };
		632BBCD71A9A4B04000D227E /* NotificationTableViewCell.xib */ = {isa = PBXFileReference; fileEncoding = 4; lastKnownFileType = file.xib; path = NotificationTableViewCell.xib; sourceTree = "<group>"; };
		6376E9831A991947007B9D31 /* UrbanFeed.app */ = {isa = PBXFileReference; explicitFileType = wrapper.application; includeInIndex = 0; path = UrbanFeed.app; sourceTree = BUILT_PRODUCTS_DIR; };
		6376E9871A991947007B9D31 /* Info.plist */ = {isa = PBXFileReference; lastKnownFileType = text.plist.xml; path = Info.plist; sourceTree = "<group>"; };
		6376E9881A991947007B9D31 /* AppDelegate.swift */ = {isa = PBXFileReference; lastKnownFileType = sourcecode.swift; path = AppDelegate.swift; sourceTree = "<group>"; };
		6376E98A1A991947007B9D31 /* ViewController.swift */ = {isa = PBXFileReference; lastKnownFileType = sourcecode.swift; path = ViewController.swift; sourceTree = "<group>"; };
		6376E98D1A991947007B9D31 /* Base */ = {isa = PBXFileReference; lastKnownFileType = file.storyboard; name = Base; path = Base.lproj/Main.storyboard; sourceTree = "<group>"; };
		6376E9921A991947007B9D31 /* Base */ = {isa = PBXFileReference; lastKnownFileType = file.xib; name = Base; path = Base.lproj/LaunchScreen.xib; sourceTree = "<group>"; };
		6376E9981A991947007B9D31 /* UrbanFeedTests.xctest */ = {isa = PBXFileReference; explicitFileType = wrapper.cfbundle; includeInIndex = 0; path = UrbanFeedTests.xctest; sourceTree = BUILT_PRODUCTS_DIR; };
		6376E99D1A991947007B9D31 /* Info.plist */ = {isa = PBXFileReference; lastKnownFileType = text.plist.xml; path = Info.plist; sourceTree = "<group>"; };
		6376E99E1A991947007B9D31 /* UrbanFeedTests.swift */ = {isa = PBXFileReference; lastKnownFileType = sourcecode.swift; path = UrbanFeedTests.swift; sourceTree = "<group>"; };
		6376E9A91A991E78007B9D31 /* FeedsViewController.swift */ = {isa = PBXFileReference; fileEncoding = 4; lastKnownFileType = sourcecode.swift; path = FeedsViewController.swift; sourceTree = "<group>"; };
		6376E9AD1A992A65007B9D31 /* FeedTableViewCell.swift */ = {isa = PBXFileReference; fileEncoding = 4; lastKnownFileType = sourcecode.swift; name = FeedTableViewCell.swift; path = ../FeedTableViewCell.swift; sourceTree = "<group>"; };
		6376E9AE1A992A65007B9D31 /* FeedTableViewCell.xib */ = {isa = PBXFileReference; fileEncoding = 4; lastKnownFileType = file.xib; name = FeedTableViewCell.xib; path = ../FeedTableViewCell.xib; sourceTree = "<group>"; };
		6376E9B21A993794007B9D31 /* Bolts.framework */ = {isa = PBXFileReference; lastKnownFileType = wrapper.framework; path = Bolts.framework; sourceTree = "<group>"; };
		6376E9B31A993794007B9D31 /* Parse.framework */ = {isa = PBXFileReference; lastKnownFileType = wrapper.framework; path = Parse.framework; sourceTree = "<group>"; };
		6376E9B41A993794007B9D31 /* ParseFacebookUtils.framework */ = {isa = PBXFileReference; lastKnownFileType = wrapper.framework; path = ParseFacebookUtils.framework; sourceTree = "<group>"; };
		6376E9B81A9937B9007B9D31 /* AudioToolbox.framework */ = {isa = PBXFileReference; lastKnownFileType = wrapper.framework; name = AudioToolbox.framework; path = System/Library/Frameworks/AudioToolbox.framework; sourceTree = SDKROOT; };
		6376E9BA1A9937C0007B9D31 /* CFNetwork.framework */ = {isa = PBXFileReference; lastKnownFileType = wrapper.framework; name = CFNetwork.framework; path = System/Library/Frameworks/CFNetwork.framework; sourceTree = SDKROOT; };
		6376E9BC1A9937C7007B9D31 /* CoreGraphics.framework */ = {isa = PBXFileReference; lastKnownFileType = wrapper.framework; name = CoreGraphics.framework; path = System/Library/Frameworks/CoreGraphics.framework; sourceTree = SDKROOT; };
		6376E9BE1A9937CD007B9D31 /* CoreLocation.framework */ = {isa = PBXFileReference; lastKnownFileType = wrapper.framework; name = CoreLocation.framework; path = System/Library/Frameworks/CoreLocation.framework; sourceTree = SDKROOT; };
		6376E9C01A9937D4007B9D31 /* MobileCoreServices.framework */ = {isa = PBXFileReference; lastKnownFileType = wrapper.framework; name = MobileCoreServices.framework; path = System/Library/Frameworks/MobileCoreServices.framework; sourceTree = SDKROOT; };
		6376E9C21A9937DA007B9D31 /* QuartzCore.framework */ = {isa = PBXFileReference; lastKnownFileType = wrapper.framework; name = QuartzCore.framework; path = System/Library/Frameworks/QuartzCore.framework; sourceTree = SDKROOT; };
		6376E9C41A9937E0007B9D31 /* Security.framework */ = {isa = PBXFileReference; lastKnownFileType = wrapper.framework; name = Security.framework; path = System/Library/Frameworks/Security.framework; sourceTree = SDKROOT; };
		6376E9C61A9937E7007B9D31 /* StoreKit.framework */ = {isa = PBXFileReference; lastKnownFileType = wrapper.framework; name = StoreKit.framework; path = System/Library/Frameworks/StoreKit.framework; sourceTree = SDKROOT; };
		6376E9C81A9937EF007B9D31 /* SystemConfiguration.framework */ = {isa = PBXFileReference; lastKnownFileType = wrapper.framework; name = SystemConfiguration.framework; path = System/Library/Frameworks/SystemConfiguration.framework; sourceTree = SDKROOT; };
		6376E9CA1A9937FB007B9D31 /* libz.dylib */ = {isa = PBXFileReference; lastKnownFileType = "compiled.mach-o.dylib"; name = libz.dylib; path = usr/lib/libz.dylib; sourceTree = SDKROOT; };
		6376E9CC1A993807007B9D31 /* libsqlite3.dylib */ = {isa = PBXFileReference; lastKnownFileType = "compiled.mach-o.dylib"; name = libsqlite3.dylib; path = usr/lib/libsqlite3.dylib; sourceTree = SDKROOT; };
		6376E9D01A998CF8007B9D31 /* APIController.swift */ = {isa = PBXFileReference; fileEncoding = 4; lastKnownFileType = sourcecode.swift; name = APIController.swift; path = ../APIController.swift; sourceTree = "<group>"; };
		6376E9D31A998DA0007B9D31 /* AFHTTPRequestOperation.h */ = {isa = PBXFileReference; fileEncoding = 4; lastKnownFileType = sourcecode.c.h; path = AFHTTPRequestOperation.h; sourceTree = "<group>"; };
		6376E9D41A998DA0007B9D31 /* AFHTTPRequestOperation.m */ = {isa = PBXFileReference; fileEncoding = 4; lastKnownFileType = sourcecode.c.objc; path = AFHTTPRequestOperation.m; sourceTree = "<group>"; };
		6376E9D51A998DA0007B9D31 /* AFHTTPRequestOperationManager.h */ = {isa = PBXFileReference; fileEncoding = 4; lastKnownFileType = sourcecode.c.h; path = AFHTTPRequestOperationManager.h; sourceTree = "<group>"; };
		6376E9D61A998DA0007B9D31 /* AFHTTPRequestOperationManager.m */ = {isa = PBXFileReference; fileEncoding = 4; lastKnownFileType = sourcecode.c.objc; path = AFHTTPRequestOperationManager.m; sourceTree = "<group>"; };
		6376E9D71A998DA0007B9D31 /* AFHTTPSessionManager.h */ = {isa = PBXFileReference; fileEncoding = 4; lastKnownFileType = sourcecode.c.h; path = AFHTTPSessionManager.h; sourceTree = "<group>"; };
		6376E9D81A998DA0007B9D31 /* AFHTTPSessionManager.m */ = {isa = PBXFileReference; fileEncoding = 4; lastKnownFileType = sourcecode.c.objc; path = AFHTTPSessionManager.m; sourceTree = "<group>"; };
		6376E9D91A998DA0007B9D31 /* AFNetworking.h */ = {isa = PBXFileReference; fileEncoding = 4; lastKnownFileType = sourcecode.c.h; path = AFNetworking.h; sourceTree = "<group>"; };
		6376E9DA1A998DA0007B9D31 /* AFNetworkReachabilityManager.h */ = {isa = PBXFileReference; fileEncoding = 4; lastKnownFileType = sourcecode.c.h; path = AFNetworkReachabilityManager.h; sourceTree = "<group>"; };
		6376E9DB1A998DA0007B9D31 /* AFNetworkReachabilityManager.m */ = {isa = PBXFileReference; fileEncoding = 4; lastKnownFileType = sourcecode.c.objc; path = AFNetworkReachabilityManager.m; sourceTree = "<group>"; };
		6376E9DC1A998DA0007B9D31 /* AFSecurityPolicy.h */ = {isa = PBXFileReference; fileEncoding = 4; lastKnownFileType = sourcecode.c.h; path = AFSecurityPolicy.h; sourceTree = "<group>"; };
		6376E9DD1A998DA0007B9D31 /* AFSecurityPolicy.m */ = {isa = PBXFileReference; fileEncoding = 4; lastKnownFileType = sourcecode.c.objc; path = AFSecurityPolicy.m; sourceTree = "<group>"; };
		6376E9DE1A998DA0007B9D31 /* AFURLConnectionOperation.h */ = {isa = PBXFileReference; fileEncoding = 4; lastKnownFileType = sourcecode.c.h; path = AFURLConnectionOperation.h; sourceTree = "<group>"; };
		6376E9DF1A998DA0007B9D31 /* AFURLConnectionOperation.m */ = {isa = PBXFileReference; fileEncoding = 4; lastKnownFileType = sourcecode.c.objc; path = AFURLConnectionOperation.m; sourceTree = "<group>"; };
		6376E9E01A998DA0007B9D31 /* AFURLRequestSerialization.h */ = {isa = PBXFileReference; fileEncoding = 4; lastKnownFileType = sourcecode.c.h; path = AFURLRequestSerialization.h; sourceTree = "<group>"; };
		6376E9E11A998DA0007B9D31 /* AFURLRequestSerialization.m */ = {isa = PBXFileReference; fileEncoding = 4; lastKnownFileType = sourcecode.c.objc; path = AFURLRequestSerialization.m; sourceTree = "<group>"; };
		6376E9E21A998DA0007B9D31 /* AFURLResponseSerialization.h */ = {isa = PBXFileReference; fileEncoding = 4; lastKnownFileType = sourcecode.c.h; path = AFURLResponseSerialization.h; sourceTree = "<group>"; };
		6376E9E31A998DA0007B9D31 /* AFURLResponseSerialization.m */ = {isa = PBXFileReference; fileEncoding = 4; lastKnownFileType = sourcecode.c.objc; path = AFURLResponseSerialization.m; sourceTree = "<group>"; };
		6376E9E41A998DA0007B9D31 /* AFURLSessionManager.h */ = {isa = PBXFileReference; fileEncoding = 4; lastKnownFileType = sourcecode.c.h; path = AFURLSessionManager.h; sourceTree = "<group>"; };
		6376E9E51A998DA0007B9D31 /* AFURLSessionManager.m */ = {isa = PBXFileReference; fileEncoding = 4; lastKnownFileType = sourcecode.c.objc; path = AFURLSessionManager.m; sourceTree = "<group>"; };
		63AAF3D21AA004ED00DDD6FC /* Images.xcassets */ = {isa = PBXFileReference; lastKnownFileType = folder.assetcatalog; name = Images.xcassets; path = UrbanFeed/Images.xcassets; sourceTree = "<group>"; };
		63AAF3D41AA0057100DDD6FC /* UserFeedsViewController.swift */ = {isa = PBXFileReference; fileEncoding = 4; lastKnownFileType = sourcecode.swift; path = UserFeedsViewController.swift; sourceTree = "<group>"; };
/* End PBXFileReference section */

/* Begin PBXFrameworksBuildPhase section */
		6376E9801A991947007B9D31 /* Frameworks */ = {
			isa = PBXFrameworksBuildPhase;
			buildActionMask = 2147483647;
			files = (
				6376E9CD1A993807007B9D31 /* libsqlite3.dylib in Frameworks */,
				6376E9CB1A9937FB007B9D31 /* libz.dylib in Frameworks */,
				6376E9C91A9937EF007B9D31 /* SystemConfiguration.framework in Frameworks */,
				6376E9C71A9937E7007B9D31 /* StoreKit.framework in Frameworks */,
				6376E9C51A9937E0007B9D31 /* Security.framework in Frameworks */,
				6376E9C31A9937DA007B9D31 /* QuartzCore.framework in Frameworks */,
				6376E9C11A9937D4007B9D31 /* MobileCoreServices.framework in Frameworks */,
				6376E9BF1A9937CD007B9D31 /* CoreLocation.framework in Frameworks */,
				6376E9BD1A9937C7007B9D31 /* CoreGraphics.framework in Frameworks */,
				6376E9BB1A9937C0007B9D31 /* CFNetwork.framework in Frameworks */,
				6376E9B91A9937B9007B9D31 /* AudioToolbox.framework in Frameworks */,
				6376E9B61A993794007B9D31 /* Parse.framework in Frameworks */,
				6376E9B51A993794007B9D31 /* Bolts.framework in Frameworks */,
				6376E9B71A993794007B9D31 /* ParseFacebookUtils.framework in Frameworks */,
			);
			runOnlyForDeploymentPostprocessing = 0;
		};
		6376E9951A991947007B9D31 /* Frameworks */ = {
			isa = PBXFrameworksBuildPhase;
			buildActionMask = 2147483647;
			files = (
			);
			runOnlyForDeploymentPostprocessing = 0;
		};
/* End PBXFrameworksBuildPhase section */

/* Begin PBXGroup section */
		6376E97A1A991947007B9D31 = {
			isa = PBXGroup;
			children = (
				6376E9851A991947007B9D31 /* UrbanFeed */,
				6376E99B1A991947007B9D31 /* UrbanFeedTests */,
				6376E9841A991947007B9D31 /* Products */,
				63AAF3D21AA004ED00DDD6FC /* Images.xcassets */,
			);
			sourceTree = "<group>";
		};
		6376E9841A991947007B9D31 /* Products */ = {
			isa = PBXGroup;
			children = (
				6376E9831A991947007B9D31 /* UrbanFeed.app */,
				6376E9981A991947007B9D31 /* UrbanFeedTests.xctest */,
			);
			name = Products;
			sourceTree = "<group>";
		};
		6376E9851A991947007B9D31 /* UrbanFeed */ = {
			isa = PBXGroup;
			children = (
				632BBCD31A99B5BB000D227E /* BridgeHeader.h */,
				6376E9D01A998CF8007B9D31 /* APIController.swift */,
				6376E9CF1A995047007B9D31 /* Frameworks */,
				6376E9AD1A992A65007B9D31 /* FeedTableViewCell.swift */,
				6376E9AE1A992A65007B9D31 /* FeedTableViewCell.xib */,
				6376E9881A991947007B9D31 /* AppDelegate.swift */,
				6376E98A1A991947007B9D31 /* ViewController.swift */,
				6376E98C1A991947007B9D31 /* Main.storyboard */,
				6376E9911A991947007B9D31 /* LaunchScreen.xib */,
				6376E9861A991947007B9D31 /* Supporting Files */,
				6376E9A91A991E78007B9D31 /* FeedsViewController.swift */,
				632BBCD41A9A41F7000D227E /* NotificationsViewController.swift */,
				632BBCD61A9A4B04000D227E /* NotificationTableViewCell.swift */,
				632BBCD71A9A4B04000D227E /* NotificationTableViewCell.xib */,
				63AAF3D41AA0057100DDD6FC /* UserFeedsViewController.swift */,
			);
			path = UrbanFeed;
			sourceTree = "<group>";
		};
		6376E9861A991947007B9D31 /* Supporting Files */ = {
			isa = PBXGroup;
			children = (
				6376E9871A991947007B9D31 /* Info.plist */,
			);
			name = "Supporting Files";
			sourceTree = "<group>";
		};
		6376E99B1A991947007B9D31 /* UrbanFeedTests */ = {
			isa = PBXGroup;
			children = (
				6376E99E1A991947007B9D31 /* UrbanFeedTests.swift */,
				6376E99C1A991947007B9D31 /* Supporting Files */,
			);
			path = UrbanFeedTests;
			sourceTree = "<group>";
		};
		6376E99C1A991947007B9D31 /* Supporting Files */ = {
			isa = PBXGroup;
			children = (
				6376E99D1A991947007B9D31 /* Info.plist */,
			);
			name = "Supporting Files";
			sourceTree = "<group>";
		};
		6376E9B11A993794007B9D31 /* ParseFramework */ = {
			isa = PBXGroup;
			children = (
				6376E9B21A993794007B9D31 /* Bolts.framework */,
				6376E9B31A993794007B9D31 /* Parse.framework */,
				6376E9B41A993794007B9D31 /* ParseFacebookUtils.framework */,
			);
			name = ParseFramework;
			path = UrbanFeed/ParseFramework;
			sourceTree = "<group>";
		};
		6376E9CF1A995047007B9D31 /* Frameworks */ = {
			isa = PBXGroup;
			children = (
				6376E9D21A998DA0007B9D31 /* AFNetworking */,
				6376E9B11A993794007B9D31 /* ParseFramework */,
				6376E9CC1A993807007B9D31 /* libsqlite3.dylib */,
				6376E9CA1A9937FB007B9D31 /* libz.dylib */,
				6376E9C81A9937EF007B9D31 /* SystemConfiguration.framework */,
				6376E9C61A9937E7007B9D31 /* StoreKit.framework */,
				6376E9C41A9937E0007B9D31 /* Security.framework */,
				6376E9C21A9937DA007B9D31 /* QuartzCore.framework */,
				6376E9C01A9937D4007B9D31 /* MobileCoreServices.framework */,
				6376E9BE1A9937CD007B9D31 /* CoreLocation.framework */,
				6376E9BC1A9937C7007B9D31 /* CoreGraphics.framework */,
				6376E9BA1A9937C0007B9D31 /* CFNetwork.framework */,
				6376E9B81A9937B9007B9D31 /* AudioToolbox.framework */,
			);
			name = Frameworks;
			path = ..;
			sourceTree = "<group>";
		};
		6376E9D21A998DA0007B9D31 /* AFNetworking */ = {
			isa = PBXGroup;
			children = (
				6376E9D31A998DA0007B9D31 /* AFHTTPRequestOperation.h */,
				6376E9D41A998DA0007B9D31 /* AFHTTPRequestOperation.m */,
				6376E9D51A998DA0007B9D31 /* AFHTTPRequestOperationManager.h */,
				6376E9D61A998DA0007B9D31 /* AFHTTPRequestOperationManager.m */,
				6376E9D71A998DA0007B9D31 /* AFHTTPSessionManager.h */,
				6376E9D81A998DA0007B9D31 /* AFHTTPSessionManager.m */,
				6376E9D91A998DA0007B9D31 /* AFNetworking.h */,
				6376E9DA1A998DA0007B9D31 /* AFNetworkReachabilityManager.h */,
				6376E9DB1A998DA0007B9D31 /* AFNetworkReachabilityManager.m */,
				6376E9DC1A998DA0007B9D31 /* AFSecurityPolicy.h */,
				6376E9DD1A998DA0007B9D31 /* AFSecurityPolicy.m */,
				6376E9DE1A998DA0007B9D31 /* AFURLConnectionOperation.h */,
				6376E9DF1A998DA0007B9D31 /* AFURLConnectionOperation.m */,
				6376E9E01A998DA0007B9D31 /* AFURLRequestSerialization.h */,
				6376E9E11A998DA0007B9D31 /* AFURLRequestSerialization.m */,
				6376E9E21A998DA0007B9D31 /* AFURLResponseSerialization.h */,
				6376E9E31A998DA0007B9D31 /* AFURLResponseSerialization.m */,
				6376E9E41A998DA0007B9D31 /* AFURLSessionManager.h */,
				6376E9E51A998DA0007B9D31 /* AFURLSessionManager.m */,
			);
			path = AFNetworking;
			sourceTree = "<group>";
		};
/* End PBXGroup section */

/* Begin PBXNativeTarget section */
		6376E9821A991947007B9D31 /* UrbanFeed */ = {
			isa = PBXNativeTarget;
			buildConfigurationList = 6376E9A21A991947007B9D31 /* Build configuration list for PBXNativeTarget "UrbanFeed" */;
			buildPhases = (
				6376E97F1A991947007B9D31 /* Sources */,
				6376E9801A991947007B9D31 /* Frameworks */,
				6376E9811A991947007B9D31 /* Resources */,
			);
			buildRules = (
			);
			dependencies = (
			);
			name = UrbanFeed;
			productName = UrbanFeed;
			productReference = 6376E9831A991947007B9D31 /* UrbanFeed.app */;
			productType = "com.apple.product-type.application";
		};
		6376E9971A991947007B9D31 /* UrbanFeedTests */ = {
			isa = PBXNativeTarget;
			buildConfigurationList = 6376E9A51A991947007B9D31 /* Build configuration list for PBXNativeTarget "UrbanFeedTests" */;
			buildPhases = (
				6376E9941A991947007B9D31 /* Sources */,
				6376E9951A991947007B9D31 /* Frameworks */,
				6376E9961A991947007B9D31 /* Resources */,
			);
			buildRules = (
			);
			dependencies = (
				6376E99A1A991947007B9D31 /* PBXTargetDependency */,
			);
			name = UrbanFeedTests;
			productName = UrbanFeedTests;
			productReference = 6376E9981A991947007B9D31 /* UrbanFeedTests.xctest */;
			productType = "com.apple.product-type.bundle.unit-test";
		};
/* End PBXNativeTarget section */

/* Begin PBXProject section */
		6376E97B1A991947007B9D31 /* Project object */ = {
			isa = PBXProject;
			attributes = {
				LastUpgradeCheck = 0610;
				ORGANIZATIONNAME = "Cristian Garner";
				TargetAttributes = {
					6376E9821A991947007B9D31 = {
						CreatedOnToolsVersion = 6.1.1;
						DevelopmentTeam = 7CAZU8WWA6;
					};
					6376E9971A991947007B9D31 = {
						CreatedOnToolsVersion = 6.1.1;
						DevelopmentTeam = 7CAZU8WWA6;
						TestTargetID = 6376E9821A991947007B9D31;
					};
				};
			};
			buildConfigurationList = 6376E97E1A991947007B9D31 /* Build configuration list for PBXProject "UrbanFeed" */;
			compatibilityVersion = "Xcode 3.2";
			developmentRegion = English;
			hasScannedForEncodings = 0;
			knownRegions = (
				en,
				Base,
			);
			mainGroup = 6376E97A1A991947007B9D31;
			productRefGroup = 6376E9841A991947007B9D31 /* Products */;
			projectDirPath = "";
			projectRoot = "";
			targets = (
				6376E9821A991947007B9D31 /* UrbanFeed */,
				6376E9971A991947007B9D31 /* UrbanFeedTests */,
			);
		};
/* End PBXProject section */

/* Begin PBXResourcesBuildPhase section */
		6376E9811A991947007B9D31 /* Resources */ = {
			isa = PBXResourcesBuildPhase;
			buildActionMask = 2147483647;
			files = (
				632BBCD91A9A4B04000D227E /* NotificationTableViewCell.xib in Resources */,
				63AAF3D31AA004ED00DDD6FC /* Images.xcassets in Resources */,
				6376E98E1A991947007B9D31 /* Main.storyboard in Resources */,
				6376E9B01A992A65007B9D31 /* FeedTableViewCell.xib in Resources */,
				6376E9931A991947007B9D31 /* LaunchScreen.xib in Resources */,
			);
			runOnlyForDeploymentPostprocessing = 0;
		};
		6376E9961A991947007B9D31 /* Resources */ = {
			isa = PBXResourcesBuildPhase;
			buildActionMask = 2147483647;
			files = (
			);
			runOnlyForDeploymentPostprocessing = 0;
		};
/* End PBXResourcesBuildPhase section */

/* Begin PBXSourcesBuildPhase section */
		6376E97F1A991947007B9D31 /* Sources */ = {
			isa = PBXSourcesBuildPhase;
			buildActionMask = 2147483647;
			files = (
				632BBCD51A9A41F7000D227E /* NotificationsViewController.swift in Sources */,
				6376E9EB1A998DA0007B9D31 /* AFURLConnectionOperation.m in Sources */,
				6376E9E61A998DA0007B9D31 /* AFHTTPRequestOperation.m in Sources */,
				6376E9E91A998DA0007B9D31 /* AFNetworkReachabilityManager.m in Sources */,
				632BBCD81A9A4B04000D227E /* NotificationTableViewCell.swift in Sources */,
				63AAF3D51AA0057100DDD6FC /* UserFeedsViewController.swift in Sources */,
				6376E9EE1A998DA0007B9D31 /* AFURLSessionManager.m in Sources */,
				6376E9EC1A998DA0007B9D31 /* AFURLRequestSerialization.m in Sources */,
				6376E9AA1A991E78007B9D31 /* FeedsViewController.swift in Sources */,
				6376E9ED1A998DA0007B9D31 /* AFURLResponseSerialization.m in Sources */,
				6376E9AF1A992A65007B9D31 /* FeedTableViewCell.swift in Sources */,
				6376E98B1A991947007B9D31 /* ViewController.swift in Sources */,
				6376E9E71A998DA0007B9D31 /* AFHTTPRequestOperationManager.m in Sources */,
				6376E9EA1A998DA0007B9D31 /* AFSecurityPolicy.m in Sources */,
				6376E9891A991947007B9D31 /* AppDelegate.swift in Sources */,
				6376E9D11A998CF8007B9D31 /* APIController.swift in Sources */,
				6376E9E81A998DA0007B9D31 /* AFHTTPSessionManager.m in Sources */,
			);
			runOnlyForDeploymentPostprocessing = 0;
		};
		6376E9941A991947007B9D31 /* Sources */ = {
			isa = PBXSourcesBuildPhase;
			buildActionMask = 2147483647;
			files = (
				6376E99F1A991947007B9D31 /* UrbanFeedTests.swift in Sources */,
			);
			runOnlyForDeploymentPostprocessing = 0;
		};
/* End PBXSourcesBuildPhase section */

/* Begin PBXTargetDependency section */
		6376E99A1A991947007B9D31 /* PBXTargetDependency */ = {
			isa = PBXTargetDependency;
			target = 6376E9821A991947007B9D31 /* UrbanFeed */;
			targetProxy = 6376E9991A991947007B9D31 /* PBXContainerItemProxy */;
		};
/* End PBXTargetDependency section */

/* Begin PBXVariantGroup section */
		6376E98C1A991947007B9D31 /* Main.storyboard */ = {
			isa = PBXVariantGroup;
			children = (
				6376E98D1A991947007B9D31 /* Base */,
			);
			name = Main.storyboard;
			sourceTree = "<group>";
		};
		6376E9911A991947007B9D31 /* LaunchScreen.xib */ = {
			isa = PBXVariantGroup;
			children = (
				6376E9921A991947007B9D31 /* Base */,
			);
			name = LaunchScreen.xib;
			sourceTree = "<group>";
		};
/* End PBXVariantGroup section */

/* Begin XCBuildConfiguration section */
		6376E9A01A991947007B9D31 /* Debug */ = {
			isa = XCBuildConfiguration;
			buildSettings = {
				ALWAYS_SEARCH_USER_PATHS = NO;
				CLANG_CXX_LANGUAGE_STANDARD = "gnu++0x";
				CLANG_CXX_LIBRARY = "libc++";
				CLANG_ENABLE_MODULES = YES;
				CLANG_ENABLE_OBJC_ARC = YES;
				CLANG_WARN_BOOL_CONVERSION = YES;
				CLANG_WARN_CONSTANT_CONVERSION = YES;
				CLANG_WARN_DIRECT_OBJC_ISA_USAGE = YES_ERROR;
				CLANG_WARN_EMPTY_BODY = YES;
				CLANG_WARN_ENUM_CONVERSION = YES;
				CLANG_WARN_INT_CONVERSION = YES;
				CLANG_WARN_OBJC_ROOT_CLASS = YES_ERROR;
				CLANG_WARN_UNREACHABLE_CODE = YES;
				CLANG_WARN__DUPLICATE_METHOD_MATCH = YES;
				CODE_SIGN_IDENTITY = "Apple Development IOS Push Services: com.UrbanFeed";
				"CODE_SIGN_IDENTITY[sdk=iphoneos*]" = "Apple Development IOS Push Services: com.UrbanFeed";
				COPY_PHASE_STRIP = NO;
				ENABLE_STRICT_OBJC_MSGSEND = YES;
				GCC_C_LANGUAGE_STANDARD = gnu99;
				GCC_DYNAMIC_NO_PIC = NO;
				GCC_OPTIMIZATION_LEVEL = 0;
				GCC_PREPROCESSOR_DEFINITIONS = (
					"DEBUG=1",
					"$(inherited)",
				);
				GCC_SYMBOLS_PRIVATE_EXTERN = NO;
				GCC_WARN_64_TO_32_BIT_CONVERSION = YES;
				GCC_WARN_ABOUT_RETURN_TYPE = YES_ERROR;
				GCC_WARN_UNDECLARED_SELECTOR = YES;
				GCC_WARN_UNINITIALIZED_AUTOS = YES_AGGRESSIVE;
				GCC_WARN_UNUSED_FUNCTION = YES;
				GCC_WARN_UNUSED_VARIABLE = YES;
				IPHONEOS_DEPLOYMENT_TARGET = 8.1;
				MTL_ENABLE_DEBUG_INFO = YES;
				ONLY_ACTIVE_ARCH = YES;
				SDKROOT = iphoneos;
				SWIFT_OPTIMIZATION_LEVEL = "-Onone";
			};
			name = Debug;
		};
		6376E9A11A991947007B9D31 /* Release */ = {
			isa = XCBuildConfiguration;
			buildSettings = {
				ALWAYS_SEARCH_USER_PATHS = NO;
				CLANG_CXX_LANGUAGE_STANDARD = "gnu++0x";
				CLANG_CXX_LIBRARY = "libc++";
				CLANG_ENABLE_MODULES = YES;
				CLANG_ENABLE_OBJC_ARC = YES;
				CLANG_WARN_BOOL_CONVERSION = YES;
				CLANG_WARN_CONSTANT_CONVERSION = YES;
				CLANG_WARN_DIRECT_OBJC_ISA_USAGE = YES_ERROR;
				CLANG_WARN_EMPTY_BODY = YES;
				CLANG_WARN_ENUM_CONVERSION = YES;
				CLANG_WARN_INT_CONVERSION = YES;
				CLANG_WARN_OBJC_ROOT_CLASS = YES_ERROR;
				CLANG_WARN_UNREACHABLE_CODE = YES;
				CLANG_WARN__DUPLICATE_METHOD_MATCH = YES;
				"CODE_SIGN_IDENTITY[sdk=iphoneos*]" = "iPhone Developer";
				COPY_PHASE_STRIP = YES;
				ENABLE_NS_ASSERTIONS = NO;
				ENABLE_STRICT_OBJC_MSGSEND = YES;
				GCC_C_LANGUAGE_STANDARD = gnu99;
				GCC_WARN_64_TO_32_BIT_CONVERSION = YES;
				GCC_WARN_ABOUT_RETURN_TYPE = YES_ERROR;
				GCC_WARN_UNDECLARED_SELECTOR = YES;
				GCC_WARN_UNINITIALIZED_AUTOS = YES_AGGRESSIVE;
				GCC_WARN_UNUSED_FUNCTION = YES;
				GCC_WARN_UNUSED_VARIABLE = YES;
				IPHONEOS_DEPLOYMENT_TARGET = 8.1;
				MTL_ENABLE_DEBUG_INFO = NO;
				SDKROOT = iphoneos;
				VALIDATE_PRODUCT = YES;
			};
			name = Release;
		};
		6376E9A31A991947007B9D31 /* Debug */ = {
			isa = XCBuildConfiguration;
			buildSettings = {
				ASSETCATALOG_COMPILER_APPICON_NAME = AppIcon;
				CODE_SIGN_IDENTITY = "iPhone Developer: Cristian Garner (ZVYG6M228L)";
				FRAMEWORK_SEARCH_PATHS = (
					"$(inherited)",
					"$(PROJECT_DIR)/UrbanFeed/ParseFramework",
				);
				INFOPLIST_FILE = UrbanFeed/Info.plist;
				LD_RUNPATH_SEARCH_PATHS = "$(inherited) @executable_path/Frameworks";
				PRODUCT_NAME = "$(TARGET_NAME)";
				PROVISIONING_PROFILE = "1ed3b463-d42d-4f7e-9db1-a05988982b41";
				SWIFT_OBJC_BRIDGING_HEADER = BridgeHeader.h;
			};
			name = Debug;
		};
		6376E9A41A991947007B9D31 /* Release */ = {
			isa = XCBuildConfiguration;
			buildSettings = {
				ASSETCATALOG_COMPILER_APPICON_NAME = AppIcon;
				CODE_SIGN_IDENTITY = "iPhone Developer: Cristian Garner (ZVYG6M228L)";
				FRAMEWORK_SEARCH_PATHS = (
					"$(inherited)",
					"$(PROJECT_DIR)/UrbanFeed/ParseFramework",
				);
				INFOPLIST_FILE = UrbanFeed/Info.plist;
				LD_RUNPATH_SEARCH_PATHS = "$(inherited) @executable_path/Frameworks";
				PRODUCT_NAME = "$(TARGET_NAME)";
				PROVISIONING_PROFILE = "1ed3b463-d42d-4f7e-9db1-a05988982b41";
				SWIFT_OBJC_BRIDGING_HEADER = BridgeHeader.h;
			};
			name = Release;
		};
		6376E9A61A991947007B9D31 /* Debug */ = {
			isa = XCBuildConfiguration;
			buildSettings = {
				BUNDLE_LOADER = "$(TEST_HOST)";
				CODE_SIGN_IDENTITY = "iPhone Developer";
				"CODE_SIGN_IDENTITY[sdk=iphoneos*]" = "iPhone Developer";
				FRAMEWORK_SEARCH_PATHS = (
					"$(SDKROOT)/Developer/Library/Frameworks",
					"$(inherited)",
				);
				GCC_PREPROCESSOR_DEFINITIONS = (
					"DEBUG=1",
					"$(inherited)",
				);
				INFOPLIST_FILE = UrbanFeedTests/Info.plist;
				LD_RUNPATH_SEARCH_PATHS = "$(inherited) @executable_path/Frameworks @loader_path/Frameworks";
				PRODUCT_NAME = "$(TARGET_NAME)";
				PROVISIONING_PROFILE = "";
				TEST_HOST = "$(BUILT_PRODUCTS_DIR)/UrbanFeed.app/UrbanFeed";
			};
			name = Debug;
		};
		6376E9A71A991947007B9D31 /* Release */ = {
			isa = XCBuildConfiguration;
			buildSettings = {
				BUNDLE_LOADER = "$(TEST_HOST)";
				CODE_SIGN_IDENTITY = "iPhone Developer";
				"CODE_SIGN_IDENTITY[sdk=iphoneos*]" = "iPhone Developer";
				FRAMEWORK_SEARCH_PATHS = (
					"$(SDKROOT)/Developer/Library/Frameworks",
					"$(inherited)",
				);
				INFOPLIST_FILE = UrbanFeedTests/Info.plist;
				LD_RUNPATH_SEARCH_PATHS = "$(inherited) @executable_path/Frameworks @loader_path/Frameworks";
				PRODUCT_NAME = "$(TARGET_NAME)";
				PROVISIONING_PROFILE = "";
				TEST_HOST = "$(BUILT_PRODUCTS_DIR)/UrbanFeed.app/UrbanFeed";
			};
			name = Release;
		};
/* End XCBuildConfiguration section */

/* Begin XCConfigurationList section */
		6376E97E1A991947007B9D31 /* Build configuration list for PBXProject "UrbanFeed" */ = {
			isa = XCConfigurationList;
			buildConfigurations = (
				6376E9A01A991947007B9D31 /* Debug */,
				6376E9A11A991947007B9D31 /* Release */,
			);
			defaultConfigurationIsVisible = 0;
			defaultConfigurationName = Release;
		};
		6376E9A21A991947007B9D31 /* Build configuration list for PBXNativeTarget "UrbanFeed" */ = {
			isa = XCConfigurationList;
			buildConfigurations = (
				6376E9A31A991947007B9D31 /* Debug */,
				6376E9A41A991947007B9D31 /* Release */,
			);
			defaultConfigurationIsVisible = 0;
			defaultConfigurationName = Release;
		};
		6376E9A51A991947007B9D31 /* Build configuration list for PBXNativeTarget "UrbanFeedTests" */ = {
			isa = XCConfigurationList;
			buildConfigurations = (
				6376E9A61A991947007B9D31 /* Debug */,
				6376E9A71A991947007B9D31 /* Release */,
			);
			defaultConfigurationIsVisible = 0;
			defaultConfigurationName = Release;
		};
/* End XCConfigurationList section */
	};
	rootObject = 6376E97B1A991947007B9D31 /* Project object */;
}
